
Microsoft Visual Studio Solution File, Format Version 12.00
# Visual Studio Version 17
VisualStudioVersion = 17.4.33110.190
MinimumVisualStudioVersion = 10.0.40219.1
Project("{9A19103F-16F7-4668-BE54-9A1E7A4F7556}") = "Wibblr.Base32", "Wibblr.Base32\Wibblr.Base32.csproj", "{A38836B2-6270-4396-AD17-D168B88A169E}"
EndProject
Project("{9A19103F-16F7-4668-BE54-9A1E7A4F7556}") = "Wibblr.Base32.Tests", "Wibblr.Base32.Tests\Wibblr.Base32.Tests.csproj", "{ED132F3C-145B-4F4F-9BCB-831DC59A1AE0}"
EndProject
Global
	GlobalSection(SolutionConfigurationPlatforms) = preSolution
		Debug|Any CPU = Debug|Any CPU
		Release|Any CPU = Release|Any CPU
	EndGlobalSection
	GlobalSection(ProjectConfigurationPlatforms) = postSolution
		{A38836B2-6270-4396-AD17-D168B88A169E}.Debug|Any CPU.ActiveCfg = Debug|Any CPU
		{A38836B2-6270-4396-AD17-D168B88A169E}.Debug|Any CPU.Build.0 = Debug|Any CPU
		{A38836B2-6270-4396-AD17-D168B88A169E}.Release|Any CPU.ActiveCfg = Release|Any CPU
		{A38836B2-6270-4396-AD17-D168B88A169E}.Release|Any CPU.Build.0 = Release|Any CPU
		{ED132F3C-145B-4F4F-9BCB-831DC59A1AE0}.Debug|Any CPU.ActiveCfg = Debug|Any CPU
		{ED132F3C-145B-4F4F-9BCB-831DC59A1AE0}.Debug|Any CPU.Build.0 = Debug|Any CPU
		{ED132F3C-145B-4F4F-9BCB-831DC59A1AE0}.Release|Any CPU.ActiveCfg = Release|Any CPU
		{ED132F3C-145B-4F4F-9BCB-831DC59A1AE0}.Release|Any CPU.Build.0 = Release|Any CPU
	EndGlobalSection
	GlobalSection(SolutionProperties) = preSolution
		HideSolutionNode = FALSE
	EndGlobalSection
	GlobalSection(ExtensibilityGlobals) = postSolution
		SolutionGuid = {9929750B-96FE-41AE-8C3E-8DE3195720CD}
	EndGlobalSection
EndGlobal
